
Microsoft Visual Studio Solution File, Format Version 12.00
# Visual Studio Version 17
VisualStudioVersion = 17.2.32526.322
MinimumVisualStudioVersion = 10.0.40219.1
Project("{FAE04EC0-301F-11D3-BF4B-00C04F79EFBC}") = "ElRestorantant", "ElRestorantant\ElRestorantant.csproj", "{651E672C-B03C-46B5-884E-1C6D352E3CBD}"
EndProject
Global
	GlobalSection(SolutionConfigurationPlatforms) = preSolution
		Debug|Any CPU = Debug|Any CPU
		Release|Any CPU = Release|Any CPU
	EndGlobalSection
	GlobalSection(ProjectConfigurationPlatforms) = postSolution
		{651E672C-B03C-46B5-884E-1C6D352E3CBD}.Debug|Any CPU.ActiveCfg = Debug|Any CPU
		{651E672C-B03C-46B5-884E-1C6D352E3CBD}.Debug|Any CPU.Build.0 = Debug|Any CPU
		{651E672C-B03C-46B5-884E-1C6D352E3CBD}.Release|Any CPU.ActiveCfg = Release|Any CPU
		{651E672C-B03C-46B5-884E-1C6D352E3CBD}.Release|Any CPU.Build.0 = Release|Any CPU
	EndGlobalSection
	GlobalSection(SolutionProperties) = preSolution
		HideSolutionNode = FALSE
	EndGlobalSection
	GlobalSection(ExtensibilityGlobals) = postSolution
		SolutionGuid = {96C2D62B-38E1-4DC8-81EE-1624A4E3674E}
	EndGlobalSection
EndGlobal
